
Microsoft Visual Studio Solution File, Format Version 12.00
# Visual Studio Version 17
VisualStudioVersion = 17.0.31903.59
MinimumVisualStudioVersion = 10.0.40219.1
Project("{E53339B2-1760-4266-BCC7-CA923CBCF16C}") = "docker-compose", "docker-compose.dcproj", "{FEA0C318-FFED-4D39-8781-265718CA43DD}"
EndProject
Project("{2150E333-8FDC-42A3-9474-1A3956D46DE8}") = "Services", "Services", "{68C23DCB-0D50-4E8F-AC1B-7724D4E4B9EC}"
EndProject
Project("{2150E333-8FDC-42A3-9474-1A3956D46DE8}") = "CommentsStorage", "CommentsStorage", "{235BF962-D506-4738-9B2C-0C258C26C544}"
EndProject
Project("{FAE04EC0-301F-11D3-BF4B-00C04F79EFBC}") = "CommentsStorage.Worker", "Services\CommentsStorage\CommentsStorage.Worker\CommentsStorage.Worker.csproj", "{D9EAE4D0-FFB2-43C5-B60C-1507087D873F}"
EndProject
Project("{2150E333-8FDC-42A3-9474-1A3956D46DE8}") = "VideoComments", "VideoComments", "{155AC17E-4700-4A25-A6A2-8337199DF97C}"
EndProject
Project("{FAE04EC0-301F-11D3-BF4B-00C04F79EFBC}") = "VideoComments.MinimalApi", "Services\VideoComments\VideoComments.MinimalApi\VideoComments.MinimalApi.csproj", "{FBA38996-1046-46EE-876D-B16BBABE53C6}"
EndProject
Project("{2150E333-8FDC-42A3-9474-1A3956D46DE8}") = "YouTubeCommentsFetcher", "YouTubeCommentsFetcher", "{23D8DC23-5CA7-48EC-A79E-D73A4D67FD67}"
EndProject
Project("{FAE04EC0-301F-11D3-BF4B-00C04F79EFBC}") = "YouTubeCommentsFetcher.Worker", "Services\YouTubeCommentsFetcher\YouTubeCommentsFetcher.Worker\YouTubeCommentsFetcher.Worker.csproj", "{B9892A5B-5F72-487F-9C5C-9038AE784EE6}"
EndProject
Project("{2150E333-8FDC-42A3-9474-1A3956D46DE8}") = "ApiGateway", "ApiGateway", "{BFAF26DB-CBB5-4A59-BE52-2B7F1B99C3BB}"
EndProject
Project("{FAE04EC0-301F-11D3-BF4B-00C04F79EFBC}") = "GateWay.Api", "ApiGateway\GateWay.Api\GateWay.Api.csproj", "{B610D08D-AF4C-4366-8658-1202F18E0BC4}"
EndProject
Project("{2150E333-8FDC-42A3-9474-1A3956D46DE8}") = "src", "src", "{B5C29331-E9CB-46D8-AF05-3F7183059AA1}"
EndProject
Project("{2150E333-8FDC-42A3-9474-1A3956D46DE8}") = "YouTubeVideoFetcher", "YouTubeVideoFetcher", "{574BD062-BA87-466C-A573-838F5F0DF984}"
EndProject
Project("{FAE04EC0-301F-11D3-BF4B-00C04F79EFBC}") = "YouTubeVideoFetcher.MinimalApi", "Services\YouTubeVideoFetcher\YouTubeVideoFetcher.MinimalApi\YouTubeVideoFetcher.MinimalApi.csproj", "{39C1CA3A-AA89-40C2-A27F-0DA47D6AEEED}"
EndProject
Project("{FAE04EC0-301F-11D3-BF4B-00C04F79EFBC}") = "YouTubeVideoFetcher.UnitTests", "Services\YouTubeVideoFetcher\YouTubeVideoFetcher.UnitTests\YouTubeVideoFetcher.UnitTests.csproj", "{77F9D413-A8EF-4FA0-856F-C545489B3946}"
EndProject
Project("{2150E333-8FDC-42A3-9474-1A3956D46DE8}") = "CommentsFetchInfoManager", "CommentsFetchInfoManager", "{ABD767C1-DC13-494D-A1B0-3B95F5A89036}"
EndProject
Project("{FAE04EC0-301F-11D3-BF4B-00C04F79EFBC}") = "CommentsFetchInfoManager.MinimalApi", "Services\CommentsFetchInfoManager\CommentsFetchInfoManager.MinimalApi\CommentsFetchInfoManager.MinimalApi.csproj", "{076E4A2D-0780-495F-A20B-DE4BA8B8095F}"
EndProject
Project("{2150E333-8FDC-42A3-9474-1A3956D46DE8}") = "CommentsFetchInfoIntegration", "CommentsFetchInfoIntegration", "{489899DB-C6DF-443A-9FD9-94D9F8CBF205}"
EndProject
Project("{FAE04EC0-301F-11D3-BF4B-00C04F79EFBC}") = "CommentsFetchInfoIntegration.Worker", "Services\CommentsFetchInfoIntegration\CommentsFetchInfoIntegration.Worker\CommentsFetchInfoIntegration.Worker.csproj", "{0E508A85-E72C-4D9E-99ED-A47E92A45686}"
EndProject
Project("{2150E333-8FDC-42A3-9474-1A3956D46DE8}") = "SharedContracts", "SharedContracts", "{BDCA866D-65A2-4847-AEF9-F7372BC2724A}"
EndProject
Project("{FAE04EC0-301F-11D3-BF4B-00C04F79EFBC}") = "IntegrationEventsContracts", "SharedContracts\IntegrationEventsContracts\IntegrationEventsContracts.csproj", "{1B76BC9D-0E0F-498F-9C1C-06F7980BDF17}"
EndProject
Project("{FAE04EC0-301F-11D3-BF4B-00C04F79EFBC}") = "MongoDbContracts", "SharedContracts\MongoDbContracts\MongoDbContracts.csproj", "{B8B69AA2-52EE-4D71-AB9B-DB21BBC179A2}"
EndProject
Project("{2150E333-8FDC-42A3-9474-1A3956D46DE8}") = "CommentsManager", "CommentsManager", "{D2551BA8-B7D4-4909-B8FA-028053000D51}"
EndProject
Project("{FAE04EC0-301F-11D3-BF4B-00C04F79EFBC}") = "CommentsManager.Api", "Services\CommentsManager\CommentsManager.Api\CommentsManager.Api.csproj", "{C2BD48A4-846D-4B43-8E77-4C19BF0C370C}"
EndProject
Project("{FAE04EC0-301F-11D3-BF4B-00C04F79EFBC}") = "EFContracts", "EFContracts\EFContracts.csproj", "{77F70CF9-BB66-423D-B9E0-9EEFD24A2548}"
EndProject
Global
	GlobalSection(SolutionConfigurationPlatforms) = preSolution
		Debug|Any CPU = Debug|Any CPU
		Release|Any CPU = Release|Any CPU
	EndGlobalSection
	GlobalSection(SolutionProperties) = preSolution
		HideSolutionNode = FALSE
	EndGlobalSection
	GlobalSection(ProjectConfigurationPlatforms) = postSolution
		{D9EAE4D0-FFB2-43C5-B60C-1507087D873F}.Debug|Any CPU.ActiveCfg = Debug|Any CPU
		{D9EAE4D0-FFB2-43C5-B60C-1507087D873F}.Debug|Any CPU.Build.0 = Debug|Any CPU
		{D9EAE4D0-FFB2-43C5-B60C-1507087D873F}.Release|Any CPU.ActiveCfg = Release|Any CPU
		{D9EAE4D0-FFB2-43C5-B60C-1507087D873F}.Release|Any CPU.Build.0 = Release|Any CPU
		{FBA38996-1046-46EE-876D-B16BBABE53C6}.Debug|Any CPU.ActiveCfg = Debug|Any CPU
		{FBA38996-1046-46EE-876D-B16BBABE53C6}.Debug|Any CPU.Build.0 = Debug|Any CPU
		{FBA38996-1046-46EE-876D-B16BBABE53C6}.Release|Any CPU.ActiveCfg = Release|Any CPU
		{FBA38996-1046-46EE-876D-B16BBABE53C6}.Release|Any CPU.Build.0 = Release|Any CPU
		{B9892A5B-5F72-487F-9C5C-9038AE784EE6}.Debug|Any CPU.ActiveCfg = Debug|Any CPU
		{B9892A5B-5F72-487F-9C5C-9038AE784EE6}.Debug|Any CPU.Build.0 = Debug|Any CPU
		{B9892A5B-5F72-487F-9C5C-9038AE784EE6}.Release|Any CPU.ActiveCfg = Release|Any CPU
		{B9892A5B-5F72-487F-9C5C-9038AE784EE6}.Release|Any CPU.Build.0 = Release|Any CPU
		{B610D08D-AF4C-4366-8658-1202F18E0BC4}.Debug|Any CPU.ActiveCfg = Debug|Any CPU
		{B610D08D-AF4C-4366-8658-1202F18E0BC4}.Debug|Any CPU.Build.0 = Debug|Any CPU
		{B610D08D-AF4C-4366-8658-1202F18E0BC4}.Release|Any CPU.ActiveCfg = Release|Any CPU
		{B610D08D-AF4C-4366-8658-1202F18E0BC4}.Release|Any CPU.Build.0 = Release|Any CPU
		{39C1CA3A-AA89-40C2-A27F-0DA47D6AEEED}.Debug|Any CPU.ActiveCfg = Debug|Any CPU
		{39C1CA3A-AA89-40C2-A27F-0DA47D6AEEED}.Debug|Any CPU.Build.0 = Debug|Any CPU
		{39C1CA3A-AA89-40C2-A27F-0DA47D6AEEED}.Release|Any CPU.ActiveCfg = Release|Any CPU
		{39C1CA3A-AA89-40C2-A27F-0DA47D6AEEED}.Release|Any CPU.Build.0 = Release|Any CPU
		{77F9D413-A8EF-4FA0-856F-C545489B3946}.Debug|Any CPU.ActiveCfg = Debug|Any CPU
		{77F9D413-A8EF-4FA0-856F-C545489B3946}.Debug|Any CPU.Build.0 = Debug|Any CPU
		{77F9D413-A8EF-4FA0-856F-C545489B3946}.Release|Any CPU.ActiveCfg = Release|Any CPU
		{77F9D413-A8EF-4FA0-856F-C545489B3946}.Release|Any CPU.Build.0 = Release|Any CPU
		{076E4A2D-0780-495F-A20B-DE4BA8B8095F}.Debug|Any CPU.ActiveCfg = Debug|Any CPU
		{076E4A2D-0780-495F-A20B-DE4BA8B8095F}.Debug|Any CPU.Build.0 = Debug|Any CPU
		{076E4A2D-0780-495F-A20B-DE4BA8B8095F}.Release|Any CPU.ActiveCfg = Release|Any CPU
		{076E4A2D-0780-495F-A20B-DE4BA8B8095F}.Release|Any CPU.Build.0 = Release|Any CPU
		{0E508A85-E72C-4D9E-99ED-A47E92A45686}.Debug|Any CPU.ActiveCfg = Debug|Any CPU
		{0E508A85-E72C-4D9E-99ED-A47E92A45686}.Debug|Any CPU.Build.0 = Debug|Any CPU
		{0E508A85-E72C-4D9E-99ED-A47E92A45686}.Release|Any CPU.ActiveCfg = Release|Any CPU
		{0E508A85-E72C-4D9E-99ED-A47E92A45686}.Release|Any CPU.Build.0 = Release|Any CPU
		{1B76BC9D-0E0F-498F-9C1C-06F7980BDF17}.Debug|Any CPU.ActiveCfg = Debug|Any CPU
		{1B76BC9D-0E0F-498F-9C1C-06F7980BDF17}.Debug|Any CPU.Build.0 = Debug|Any CPU
		{1B76BC9D-0E0F-498F-9C1C-06F7980BDF17}.Release|Any CPU.ActiveCfg = Release|Any CPU
		{1B76BC9D-0E0F-498F-9C1C-06F7980BDF17}.Release|Any CPU.Build.0 = Release|Any CPU
		{B8B69AA2-52EE-4D71-AB9B-DB21BBC179A2}.Debug|Any CPU.ActiveCfg = Debug|Any CPU
		{B8B69AA2-52EE-4D71-AB9B-DB21BBC179A2}.Debug|Any CPU.Build.0 = Debug|Any CPU
		{B8B69AA2-52EE-4D71-AB9B-DB21BBC179A2}.Release|Any CPU.ActiveCfg = Release|Any CPU
		{B8B69AA2-52EE-4D71-AB9B-DB21BBC179A2}.Release|Any CPU.Build.0 = Release|Any CPU
		{C2BD48A4-846D-4B43-8E77-4C19BF0C370C}.Debug|Any CPU.ActiveCfg = Debug|Any CPU
		{C2BD48A4-846D-4B43-8E77-4C19BF0C370C}.Debug|Any CPU.Build.0 = Debug|Any CPU
		{C2BD48A4-846D-4B43-8E77-4C19BF0C370C}.Release|Any CPU.ActiveCfg = Release|Any CPU
		{C2BD48A4-846D-4B43-8E77-4C19BF0C370C}.Release|Any CPU.Build.0 = Release|Any CPU
		{77F70CF9-BB66-423D-B9E0-9EEFD24A2548}.Debug|Any CPU.ActiveCfg = Debug|Any CPU
		{77F70CF9-BB66-423D-B9E0-9EEFD24A2548}.Debug|Any CPU.Build.0 = Debug|Any CPU
		{77F70CF9-BB66-423D-B9E0-9EEFD24A2548}.Release|Any CPU.ActiveCfg = Release|Any CPU
		{77F70CF9-BB66-423D-B9E0-9EEFD24A2548}.Release|Any CPU.Build.0 = Release|Any CPU
	EndGlobalSection
	GlobalSection(NestedProjects) = preSolution
		{235BF962-D506-4738-9B2C-0C258C26C544} = {68C23DCB-0D50-4E8F-AC1B-7724D4E4B9EC}
		{D9EAE4D0-FFB2-43C5-B60C-1507087D873F} = {235BF962-D506-4738-9B2C-0C258C26C544}
		{155AC17E-4700-4A25-A6A2-8337199DF97C} = {68C23DCB-0D50-4E8F-AC1B-7724D4E4B9EC}
		{FBA38996-1046-46EE-876D-B16BBABE53C6} = {155AC17E-4700-4A25-A6A2-8337199DF97C}
		{23D8DC23-5CA7-48EC-A79E-D73A4D67FD67} = {68C23DCB-0D50-4E8F-AC1B-7724D4E4B9EC}
		{B9892A5B-5F72-487F-9C5C-9038AE784EE6} = {23D8DC23-5CA7-48EC-A79E-D73A4D67FD67}
		{B610D08D-AF4C-4366-8658-1202F18E0BC4} = {BFAF26DB-CBB5-4A59-BE52-2B7F1B99C3BB}
		{BFAF26DB-CBB5-4A59-BE52-2B7F1B99C3BB} = {B5C29331-E9CB-46D8-AF05-3F7183059AA1}
		{68C23DCB-0D50-4E8F-AC1B-7724D4E4B9EC} = {B5C29331-E9CB-46D8-AF05-3F7183059AA1}
		{39C1CA3A-AA89-40C2-A27F-0DA47D6AEEED} = {574BD062-BA87-466C-A573-838F5F0DF984}
		{574BD062-BA87-466C-A573-838F5F0DF984} = {68C23DCB-0D50-4E8F-AC1B-7724D4E4B9EC}
		{77F9D413-A8EF-4FA0-856F-C545489B3946} = {574BD062-BA87-466C-A573-838F5F0DF984}
		{076E4A2D-0780-495F-A20B-DE4BA8B8095F} = {ABD767C1-DC13-494D-A1B0-3B95F5A89036}
		{ABD767C1-DC13-494D-A1B0-3B95F5A89036} = {68C23DCB-0D50-4E8F-AC1B-7724D4E4B9EC}
		{0E508A85-E72C-4D9E-99ED-A47E92A45686} = {489899DB-C6DF-443A-9FD9-94D9F8CBF205}
		{489899DB-C6DF-443A-9FD9-94D9F8CBF205} = {68C23DCB-0D50-4E8F-AC1B-7724D4E4B9EC}
		{1B76BC9D-0E0F-498F-9C1C-06F7980BDF17} = {BDCA866D-65A2-4847-AEF9-F7372BC2724A}
		{BDCA866D-65A2-4847-AEF9-F7372BC2724A} = {B5C29331-E9CB-46D8-AF05-3F7183059AA1}
		{B8B69AA2-52EE-4D71-AB9B-DB21BBC179A2} = {BDCA866D-65A2-4847-AEF9-F7372BC2724A}
		{C2BD48A4-846D-4B43-8E77-4C19BF0C370C} = {D2551BA8-B7D4-4909-B8FA-028053000D51}
		{D2551BA8-B7D4-4909-B8FA-028053000D51} = {68C23DCB-0D50-4E8F-AC1B-7724D4E4B9EC}
		{77F70CF9-BB66-423D-B9E0-9EEFD24A2548} = {BDCA866D-65A2-4847-AEF9-F7372BC2724A}
	EndGlobalSection
EndGlobal
